
Microsoft Visual Studio Solution File, Format Version 12.00
# Visual Studio Version 16
VisualStudioVersion = 16.0.29613.14
MinimumVisualStudioVersion = 10.0.40219.1
Project("{FAE04EC0-301F-11D3-BF4B-00C04F79EFBC}") = "Shape_Simulator", "Shape_Simulator.csproj", "{6C83F374-6367-4428-A53D-A4BA01ABDFD2}"
EndProject
Global
	GlobalSection(SolutionConfigurationPlatforms) = preSolution
		Debug|Any CPU = Debug|Any CPU
		Release|Any CPU = Release|Any CPU
	EndGlobalSection
	GlobalSection(ProjectConfigurationPlatforms) = postSolution
		{6C83F374-6367-4428-A53D-A4BA01ABDFD2}.Debug|Any CPU.ActiveCfg = Debug|Any CPU
		{6C83F374-6367-4428-A53D-A4BA01ABDFD2}.Debug|Any CPU.Build.0 = Debug|Any CPU
		{6C83F374-6367-4428-A53D-A4BA01ABDFD2}.Release|Any CPU.ActiveCfg = Release|Any CPU
		{6C83F374-6367-4428-A53D-A4BA01ABDFD2}.Release|Any CPU.Build.0 = Release|Any CPU
	EndGlobalSection
	GlobalSection(SolutionProperties) = preSolution
		HideSolutionNode = FALSE
	EndGlobalSection
	GlobalSection(ExtensibilityGlobals) = postSolution
		SolutionGuid = {27E18D3E-C297-415B-95CC-3D4707E60590}
	EndGlobalSection
EndGlobal
